
Microsoft Visual Studio Solution File, Format Version 12.00
# Visual Studio Version 17
VisualStudioVersion = 17.5.001.0
MinimumVisualStudioVersion = 10.0.40219.1
Project("{9A19103F-16F7-4668-BE54-9A1E7A4F7556}") = "TodoBackend", "TodoBackend.csproj", "{5E57DFE0-DF6A-4CF0-928B-F3D8B882B1D9}"
EndProject
Global
	GlobalSection(SolutionConfigurationPlatforms) = preSolution
		Debug|Any CPU = Debug|Any CPU
		Release|Any CPU = Release|Any CPU
	EndGlobalSection
	GlobalSection(ProjectConfigurationPlatforms) = postSolution
		{5E57DFE0-DF6A-4CF0-928B-F3D8B882B1D9}.Debug|Any CPU.ActiveCfg = Debug|Any CPU
		{5E57DFE0-DF6A-4CF0-928B-F3D8B882B1D9}.Debug|Any CPU.Build.0 = Debug|Any CPU
		{5E57DFE0-DF6A-4CF0-928B-F3D8B882B1D9}.Release|Any CPU.ActiveCfg = Release|Any CPU
		{5E57DFE0-DF6A-4CF0-928B-F3D8B882B1D9}.Release|Any CPU.Build.0 = Release|Any CPU
	EndGlobalSection
	GlobalSection(SolutionProperties) = preSolution
		HideSolutionNode = FALSE
	EndGlobalSection
	GlobalSection(ExtensibilityGlobals) = postSolution
		SolutionGuid = {B7FA0C0D-E893-4B25-B9CF-1070FC50BE2D}
	EndGlobalSection
EndGlobal
